{
  "name": "docker_nodejs_example",
  "version": "1.0.0",
  "lockfileVersion": 1,
  "dependencies": {
    "express": {
      "version": "4.17.1",
      "resolved": "https://registry.npmjs.org/express/-/express-4.17.1.tgz",
      "integrity": "sha512-...somehash...",
      "engines": {
        "node": ">=4.x"
      }
    }
  }
}